
Microsoft Visual Studio Solution File, Format Version 12.00
# Visual Studio Version 17
VisualStudioVersion = 17.14.36401.2 d17.14
MinimumVisualStudioVersion = 10.0.40219.1
Project("{FAE04EC0-301F-11D3-BF4B-00C04F79EFBC}") = "inizio-search", "inizio-search\inizio-search.csproj", "{10C6C597-4A20-460F-ADD0-AA5718499959}"
EndProject
Global
	GlobalSection(SolutionConfigurationPlatforms) = preSolution
		Debug|Any CPU = Debug|Any CPU
		Release|Any CPU = Release|Any CPU
	EndGlobalSection
	GlobalSection(ProjectConfigurationPlatforms) = postSolution
		{10C6C597-4A20-460F-ADD0-AA5718499959}.Debug|Any CPU.ActiveCfg = Debug|Any CPU
		{10C6C597-4A20-460F-ADD0-AA5718499959}.Debug|Any CPU.Build.0 = Debug|Any CPU
		{10C6C597-4A20-460F-ADD0-AA5718499959}.Release|Any CPU.ActiveCfg = Release|Any CPU
		{10C6C597-4A20-460F-ADD0-AA5718499959}.Release|Any CPU.Build.0 = Release|Any CPU
	EndGlobalSection
	GlobalSection(SolutionProperties) = preSolution
		HideSolutionNode = FALSE
	EndGlobalSection
	GlobalSection(ExtensibilityGlobals) = postSolution
		SolutionGuid = {FBBAF7E6-DFC3-4F80-B2EE-DE24875B4B6A}
	EndGlobalSection
EndGlobal
